# Gerado para CPython 3.13 x64 no Windows em 2026-07-21.
# Toda dependencia transitiva esta fixada e autenticada por SHA-256.
anyio==4.14.2 --hash=sha256:9f505dda5ac9f0c8309b5e8bd445a8c2bf7246f3ce950121e45ea15bc41d1494
av==18.0.0 --hash=sha256:aaf4d354d2beaa6651e4f92e54409a578bde64f79c0beef9a30b388d06f7c629
certifi==2026.6.17 --hash=sha256:2227dcbaafe0d2f59279d1762ddddc37783ed4354594f194ffc31d20f41fc3db
click==8.4.2 --hash=sha256:e6f9f66136c816745b9d65817da91d61d957fb16e02e4dcd0552553c5a197b76
colorama==0.4.6 --hash=sha256:4f1d9991f5acc0ca119f9d443620b77f9d6b33703e51011c16baf57afb285fc6
ctranslate2==4.8.1 --hash=sha256:d52499f05a60a791aeadee28d609efa130142f376d1ea76b2b1c593bb01f8827
faster-whisper==1.2.1 --hash=sha256:79a66ad50688c0b794dd501dc340a736992a6342f7f95e5811be60b5224a26a7
filelock==3.31.2 --hash=sha256:18a4179901809ad1905c6631d907f1c3a41806c0d3506f7f9862565576a81a16
flatbuffers==25.12.19 --hash=sha256:7634f50c427838bb021c2d66a3d1168e9d199b0607e6329399f04846d42e20b4
fsspec==2026.6.0 --hash=sha256:02e0b71817df9b2169dc30a16832045764def1191b43dcff5bb85bdee212d2a1
h11==0.16.0 --hash=sha256:63cf8bbe7522de3bf65932fda1d9c2772064ffb3dae62d55932da54b31cb6c86
hf-xet==1.5.2 --hash=sha256:ecf63d1cb69a9a7319910f8f83fcf9b46e7a32dfcf4b8f8eeddb55f647306e65
httpcore==1.0.9 --hash=sha256:2d400746a40668fc9dec9810239072b40b4484b640a8c38fd654a024c7a1bf55
httpx==0.28.1 --hash=sha256:d909fcccc110f8c7faf814ca82a9a4d816bc5a6dbfea25d6591d6985b8ba59ad
huggingface_hub==1.24.0 --hash=sha256:6ed4120a84a6beec900640aa7e346bd766a6b7341e41526fef5dc8bd81fb7d59
idna==3.18 --hash=sha256:7f952cbe720b688055e3f87de14f5c3e5fdaa8bc3928985c4077ca689de849a2
numpy==2.5.1 --hash=sha256:6c3fe51bc6a16453d452997053454f309e8e0ed7b42d6b361ce4ac8c32913d74
onnxruntime==1.27.0 --hash=sha256:760021bca514d64a811837820d351a08a41741f16f8b4c26450da708fecf14e6
packaging==26.2 --hash=sha256:5fc45236b9446107ff2415ce77c807cee2862cb6fac22b8a73826d0693b0980e
protobuf==7.35.1 --hash=sha256:230a75ddfc2de4806e56696ce9640c1cdfdb6543b7cfce98d42a4c0a0e7bdb87
pyyaml==6.0.3 --hash=sha256:79005a0d97d5ddabfeeea4cf676af11e647e41d81c9a7722a193022accdb6b7c
setuptools==83.0.0 --hash=sha256:29b23c360f22f414dc7336bb39178cc7bcbf6021ed2733cde173f09dba19abb3
tokenizers==0.23.1 --hash=sha256:e7bfaf995c1bdbbd21d13539decb6650967013759318627d85daeb7881af16b7
tqdm==4.69.0 --hash=sha256:9979978912be667a6ef21fd5d8abf54e324e63d82f7f43c360792ebc2bc4e622
typing_extensions==4.16.0 --hash=sha256:481caa481374e813c1b176ada14e97f1f67a4539ce9cfeb3f350d78d6370c2e8
